{
  "nodes": {
    "nixpkgs": {
      "locked": {
        "lastModified": 1688043300,
        "narHash": "sha256-UmpvFT0v4U4jxXhrfr+x1NuaOFULkIyCfS/WT6N6T7s=",
        "owner": "NixOS",
        "repo": "nixpkgs",
        "rev": "c6643a93d25abf3cf5d40a4e05bcf904b9f0e586",
        "type": "github"
      },
      "original": {
        "owner": "NixOS",
        "ref": "nixos-22.11",
        "repo": "nixpkgs",
        "type": "github"
      }
    },
    "root": {
      "inputs": {
        "nixpkgs": "nixpkgs"
      }
    }
  },
  "root": "root",
  "version": 7
}
