{
  "nodes": {
    "nixpkgs": {
      "locked": {
        "lastModified": 1686929285,
        "narHash": "sha256-WGtVzn+vGMPTXDO0DMNKVFtf+zUSqeW+KKk4Y/Ae99I=",
        "owner": "NixOS",
        "repo": "nixpkgs",
        "rev": "93fddcf640ceca0be331210ba3101cee9d91c13d",
        "type": "github"
      },
      "original": {
        "owner": "NixOS",
        "ref": "nixos-22.11",
        "repo": "nixpkgs",
        "type": "github"
      }
    },
    "root": {
      "inputs": {
        "nixpkgs": "nixpkgs"
      }
    }
  },
  "root": "root",
  "version": 7
}
