{
  "nodes": {
    "nixpkgs": {
      "locked": {
        "lastModified": 1686392259,
        "narHash": "sha256-hqSS9hKhWldIZr1bBp9xKhIznnGPICGKzuehd2LH0UA=",
        "owner": "NixOS",
        "repo": "nixpkgs",
        "rev": "ef24b2fa0c5f290a35064b847bc211f25cb85c88",
        "type": "github"
      },
      "original": {
        "owner": "NixOS",
        "ref": "nixos-22.11",
        "repo": "nixpkgs",
        "type": "github"
      }
    },
    "root": {
      "inputs": {
        "nixpkgs": "nixpkgs"
      }
    }
  },
  "root": "root",
  "version": 7
}
